
Microsoft Visual Studio Solution File, Format Version 12.00
# Visual Studio Version 17
VisualStudioVersion = 17.2.32516.85
MinimumVisualStudioVersion = 10.0.40219.1
Project("{FAE04EC0-301F-11D3-BF4B-00C04F79EFBC}") = "LunchScheduler.Android", "LunchScheduler.Android\LunchScheduler.Android.csproj", "{9E1AAEAD-5589-40B8-9EE6-D2DC30541098}"
EndProject
Project("{FAE04EC0-301F-11D3-BF4B-00C04F79EFBC}") = "LunchScheduler", "LunchScheduler\LunchScheduler.csproj", "{034224E3-A2A7-491D-AA78-92BA7CD0FC06}"
EndProject
Global
	GlobalSection(SolutionConfigurationPlatforms) = preSolution
		Debug|Any CPU = Debug|Any CPU
		Release|Any CPU = Release|Any CPU
	EndGlobalSection
	GlobalSection(ProjectConfigurationPlatforms) = postSolution
		{9E1AAEAD-5589-40B8-9EE6-D2DC30541098}.Debug|Any CPU.ActiveCfg = Debug|Any CPU
		{9E1AAEAD-5589-40B8-9EE6-D2DC30541098}.Debug|Any CPU.Build.0 = Debug|Any CPU
		{9E1AAEAD-5589-40B8-9EE6-D2DC30541098}.Debug|Any CPU.Deploy.0 = Debug|Any CPU
		{9E1AAEAD-5589-40B8-9EE6-D2DC30541098}.Release|Any CPU.ActiveCfg = Release|Any CPU
		{9E1AAEAD-5589-40B8-9EE6-D2DC30541098}.Release|Any CPU.Build.0 = Release|Any CPU
		{9E1AAEAD-5589-40B8-9EE6-D2DC30541098}.Release|Any CPU.Deploy.0 = Release|Any CPU
		{034224E3-A2A7-491D-AA78-92BA7CD0FC06}.Debug|Any CPU.ActiveCfg = Debug|Any CPU
		{034224E3-A2A7-491D-AA78-92BA7CD0FC06}.Debug|Any CPU.Build.0 = Debug|Any CPU
		{034224E3-A2A7-491D-AA78-92BA7CD0FC06}.Debug|Any CPU.Deploy.0 = Debug|Any CPU
		{034224E3-A2A7-491D-AA78-92BA7CD0FC06}.Release|Any CPU.ActiveCfg = Release|Any CPU
		{034224E3-A2A7-491D-AA78-92BA7CD0FC06}.Release|Any CPU.Build.0 = Release|Any CPU
		{034224E3-A2A7-491D-AA78-92BA7CD0FC06}.Release|Any CPU.Deploy.0 = Release|Any CPU
	EndGlobalSection
	GlobalSection(SolutionProperties) = preSolution
		HideSolutionNode = FALSE
	EndGlobalSection
	GlobalSection(ExtensibilityGlobals) = postSolution
		SolutionGuid = {7B5EB115-883E-4EFD-A606-BC5ECB45016E}
	EndGlobalSection
EndGlobal
